// !$*UTF8*$!
{
	archiveVersion = 1;
	classes = {
	};
	objectVersion = 56;
	objects = {

/* Begin PBXBuildFile section */
		1A5DADF02A4E26B40082AFF4 /* RecipeDetails.swift in Sources */ = {isa = PBXBuildFile; fileRef = 1A5DADEF2A4E26B40082AFF4 /* RecipeDetails.swift */; };
		1A5DADF22A4E2F3E0082AFF4 /* FetchRecipeDetails.swift in Sources */ = {isa = PBXBuildFile; fileRef = 1A5DADF12A4E2F3E0082AFF4 /* FetchRecipeDetails.swift */; };
		1A5DADF42A4E34750082AFF4 /* RecipeDetailsViewModel.swift in Sources */ = {isa = PBXBuildFile; fileRef = 1A5DADF32A4E34750082AFF4 /* RecipeDetailsViewModel.swift */; };
		1A5DADF62A4E61130082AFF4 /* BadgeView.swift in Sources */ = {isa = PBXBuildFile; fileRef = 1A5DADF52A4E61130082AFF4 /* BadgeView.swift */; };
		1A5DADF82A4E65FA0082AFF4 /* BadgeContainerView.swift in Sources */ = {isa = PBXBuildFile; fileRef = 1A5DADF72A4E65FA0082AFF4 /* BadgeContainerView.swift */; };
		1A5DADFA2A4E68E80082AFF4 /* TextExtension.swift in Sources */ = {isa = PBXBuildFile; fileRef = 1A5DADF92A4E68E80082AFF4 /* TextExtension.swift */; };
		1A7CBF362A4B6A1400D7E38B /* RecipeNow_App.swift in Sources */ = {isa = PBXBuildFile; fileRef = 1A7CBF352A4B6A1400D7E38B /* RecipeNow_App.swift */; };
		1A7CBF3A2A4B6A1500D7E38B /* Assets.xcassets in Resources */ = {isa = PBXBuildFile; fileRef = 1A7CBF392A4B6A1500D7E38B /* Assets.xcassets */; };
		1A7CBF3E2A4B6A1500D7E38B /* Preview Assets.xcassets in Resources */ = {isa = PBXBuildFile; fileRef = 1A7CBF3D2A4B6A1500D7E38B /* Preview Assets.xcassets */; };
		1A7CBF482A4B6A1600D7E38B /* RecipeNow_Tests.swift in Sources */ = {isa = PBXBuildFile; fileRef = 1A7CBF472A4B6A1600D7E38B /* RecipeNow_Tests.swift */; };
		1A7CBF522A4B6A1600D7E38B /* RecipeNow_UITests.swift in Sources */ = {isa = PBXBuildFile; fileRef = 1A7CBF512A4B6A1600D7E38B /* RecipeNow_UITests.swift */; };
		1A7CBF542A4B6A1600D7E38B /* RecipeNow_UITestsLaunchTests.swift in Sources */ = {isa = PBXBuildFile; fileRef = 1A7CBF532A4B6A1600D7E38B /* RecipeNow_UITestsLaunchTests.swift */; };
		1AABBA3F2A4B6BE1003C00D6 /* Home.swift in Sources */ = {isa = PBXBuildFile; fileRef = 1AABBA3E2A4B6BE1003C00D6 /* Home.swift */; };
		1AABBA422A4B728D003C00D6 /* CategoryCardView.swift in Sources */ = {isa = PBXBuildFile; fileRef = 1AABBA412A4B728D003C00D6 /* CategoryCardView.swift */; };
		1AABBA442A4B7396003C00D6 /* Recipes.swift in Sources */ = {isa = PBXBuildFile; fileRef = 1AABBA432A4B7396003C00D6 /* Recipes.swift */; };
		1AABBA482A4B7607003C00D6 /* RecipeRelated.swift in Sources */ = {isa = PBXBuildFile; fileRef = 1AABBA472A4B7607003C00D6 /* RecipeRelated.swift */; };
		1AABBA4A2A4B77E0003C00D6 /* HomeViewModel.swift in Sources */ = {isa = PBXBuildFile; fileRef = 1AABBA492A4B77E0003C00D6 /* HomeViewModel.swift */; };
		1AABBA4C2A4B807A003C00D6 /* TopActionBar.swift in Sources */ = {isa = PBXBuildFile; fileRef = 1AABBA4B2A4B807A003C00D6 /* TopActionBar.swift */; };
		1AABBA4F2A4B8BD2003C00D6 /* CommonExtensions.swift in Sources */ = {isa = PBXBuildFile; fileRef = 1AABBA4E2A4B8BD2003C00D6 /* CommonExtensions.swift */; };
		1AABBA512A4B9C86003C00D6 /* RecipeCardView.swift in Sources */ = {isa = PBXBuildFile; fileRef = 1AABBA502A4B9C86003C00D6 /* RecipeCardView.swift */; };
		1AABBA532A4B9F0C003C00D6 /* RecipesViewModel.swift in Sources */ = {isa = PBXBuildFile; fileRef = 1AABBA522A4B9F0C003C00D6 /* RecipesViewModel.swift */; };
		1AABBA552A4BA488003C00D6 /* RemoteImage.swift in Sources */ = {isa = PBXBuildFile; fileRef = 1AABBA542A4BA488003C00D6 /* RemoteImage.swift */; };
		1AABBA572A4BA85C003C00D6 /* FetchRecipes.swift in Sources */ = {isa = PBXBuildFile; fileRef = 1AABBA562A4BA85C003C00D6 /* FetchRecipes.swift */; };
/* End PBXBuildFile section */

/* Begin PBXContainerItemProxy section */
		1A7CBF442A4B6A1600D7E38B /* PBXContainerItemProxy */ = {
			isa = PBXContainerItemProxy;
			containerPortal = 1A7CBF2A2A4B6A1400D7E38B /* Project object */;
			proxyType = 1;
			remoteGlobalIDString = 1A7CBF312A4B6A1400D7E38B;
			remoteInfo = "RecipeNow!";
		};
		1A7CBF4E2A4B6A1600D7E38B /* PBXContainerItemProxy */ = {
			isa = PBXContainerItemProxy;
			containerPortal = 1A7CBF2A2A4B6A1400D7E38B /* Project object */;
			proxyType = 1;
			remoteGlobalIDString = 1A7CBF312A4B6A1400D7E38B;
			remoteInfo = "RecipeNow!";
		};
/* End PBXContainerItemProxy section */

/* Begin PBXFileReference section */
		1A5DADEF2A4E26B40082AFF4 /* RecipeDetails.swift */ = {isa = PBXFileReference; lastKnownFileType = sourcecode.swift; path = RecipeDetails.swift; sourceTree = "<group>"; };
		1A5DADF12A4E2F3E0082AFF4 /* FetchRecipeDetails.swift */ = {isa = PBXFileReference; lastKnownFileType = sourcecode.swift; path = FetchRecipeDetails.swift; sourceTree = "<group>"; };
		1A5DADF32A4E34750082AFF4 /* RecipeDetailsViewModel.swift */ = {isa = PBXFileReference; lastKnownFileType = sourcecode.swift; path = RecipeDetailsViewModel.swift; sourceTree = "<group>"; };
		1A5DADF52A4E61130082AFF4 /* BadgeView.swift */ = {isa = PBXFileReference; lastKnownFileType = sourcecode.swift; path = BadgeView.swift; sourceTree = "<group>"; };
		1A5DADF72A4E65FA0082AFF4 /* BadgeContainerView.swift */ = {isa = PBXFileReference; lastKnownFileType = sourcecode.swift; path = BadgeContainerView.swift; sourceTree = "<group>"; };
		1A5DADF92A4E68E80082AFF4 /* TextExtension.swift */ = {isa = PBXFileReference; lastKnownFileType = sourcecode.swift; path = TextExtension.swift; sourceTree = "<group>"; };
		1A7CBF322A4B6A1400D7E38B /* RecipeNow!.app */ = {isa = PBXFileReference; explicitFileType = wrapper.application; includeInIndex = 0; path = "RecipeNow!.app"; sourceTree = BUILT_PRODUCTS_DIR; };
		1A7CBF352A4B6A1400D7E38B /* RecipeNow_App.swift */ = {isa = PBXFileReference; lastKnownFileType = sourcecode.swift; path = RecipeNow_App.swift; sourceTree = "<group>"; };
		1A7CBF392A4B6A1500D7E38B /* Assets.xcassets */ = {isa = PBXFileReference; lastKnownFileType = folder.assetcatalog; path = Assets.xcassets; sourceTree = "<group>"; };
		1A7CBF3B2A4B6A1500D7E38B /* RecipeNow_.entitlements */ = {isa = PBXFileReference; lastKnownFileType = text.plist.entitlements; path = RecipeNow_.entitlements; sourceTree = "<group>"; };
		1A7CBF3D2A4B6A1500D7E38B /* Preview Assets.xcassets */ = {isa = PBXFileReference; lastKnownFileType = folder.assetcatalog; path = "Preview Assets.xcassets"; sourceTree = "<group>"; };
		1A7CBF432A4B6A1600D7E38B /* RecipeNow!Tests.xctest */ = {isa = PBXFileReference; explicitFileType = wrapper.cfbundle; includeInIndex = 0; path = "RecipeNow!Tests.xctest"; sourceTree = BUILT_PRODUCTS_DIR; };
		1A7CBF472A4B6A1600D7E38B /* RecipeNow_Tests.swift */ = {isa = PBXFileReference; lastKnownFileType = sourcecode.swift; path = RecipeNow_Tests.swift; sourceTree = "<group>"; };
		1A7CBF4D2A4B6A1600D7E38B /* RecipeNow!UITests.xctest */ = {isa = PBXFileReference; explicitFileType = wrapper.cfbundle; includeInIndex = 0; path = "RecipeNow!UITests.xctest"; sourceTree = BUILT_PRODUCTS_DIR; };
		1A7CBF512A4B6A1600D7E38B /* RecipeNow_UITests.swift */ = {isa = PBXFileReference; lastKnownFileType = sourcecode.swift; path = RecipeNow_UITests.swift; sourceTree = "<group>"; };
		1A7CBF532A4B6A1600D7E38B /* RecipeNow_UITestsLaunchTests.swift */ = {isa = PBXFileReference; lastKnownFileType = sourcecode.swift; path = RecipeNow_UITestsLaunchTests.swift; sourceTree = "<group>"; };
		1AABBA3E2A4B6BE1003C00D6 /* Home.swift */ = {isa = PBXFileReference; lastKnownFileType = sourcecode.swift; path = Home.swift; sourceTree = "<group>"; };
		1AABBA412A4B728D003C00D6 /* CategoryCardView.swift */ = {isa = PBXFileReference; lastKnownFileType = sourcecode.swift; path = CategoryCardView.swift; sourceTree = "<group>"; };
		1AABBA432A4B7396003C00D6 /* Recipes.swift */ = {isa = PBXFileReference; lastKnownFileType = sourcecode.swift; path = Recipes.swift; sourceTree = "<group>"; };
		1AABBA472A4B7607003C00D6 /* RecipeRelated.swift */ = {isa = PBXFileReference; lastKnownFileType = sourcecode.swift; path = RecipeRelated.swift; sourceTree = "<group>"; };
		1AABBA492A4B77E0003C00D6 /* HomeViewModel.swift */ = {isa = PBXFileReference; lastKnownFileType = sourcecode.swift; path = HomeViewModel.swift; sourceTree = "<group>"; };
		1AABBA4B2A4B807A003C00D6 /* TopActionBar.swift */ = {isa = PBXFileReference; lastKnownFileType = sourcecode.swift; path = TopActionBar.swift; sourceTree = "<group>"; };
		1AABBA4E2A4B8BD2003C00D6 /* CommonExtensions.swift */ = {isa = PBXFileReference; lastKnownFileType = sourcecode.swift; path = CommonExtensions.swift; sourceTree = "<group>"; };
		1AABBA502A4B9C86003C00D6 /* RecipeCardView.swift */ = {isa = PBXFileReference; lastKnownFileType = sourcecode.swift; path = RecipeCardView.swift; sourceTree = "<group>"; };
		1AABBA522A4B9F0C003C00D6 /* RecipesViewModel.swift */ = {isa = PBXFileReference; lastKnownFileType = sourcecode.swift; path = RecipesViewModel.swift; sourceTree = "<group>"; };
		1AABBA542A4BA488003C00D6 /* RemoteImage.swift */ = {isa = PBXFileReference; lastKnownFileType = sourcecode.swift; path = RemoteImage.swift; sourceTree = "<group>"; };
		1AABBA562A4BA85C003C00D6 /* FetchRecipes.swift */ = {isa = PBXFileReference; lastKnownFileType = sourcecode.swift; path = FetchRecipes.swift; sourceTree = "<group>"; };
/* End PBXFileReference section */

/* Begin PBXFrameworksBuildPhase section */
		1A7CBF2F2A4B6A1400D7E38B /* Frameworks */ = {
			isa = PBXFrameworksBuildPhase;
			buildActionMask = 2147483647;
			files = (
			);
			runOnlyForDeploymentPostprocessing = 0;
		};
		1A7CBF402A4B6A1600D7E38B /* Frameworks */ = {
			isa = PBXFrameworksBuildPhase;
			buildActionMask = 2147483647;
			files = (
			);
			runOnlyForDeploymentPostprocessing = 0;
		};
		1A7CBF4A2A4B6A1600D7E38B /* Frameworks */ = {
			isa = PBXFrameworksBuildPhase;
			buildActionMask = 2147483647;
			files = (
			);
			runOnlyForDeploymentPostprocessing = 0;
		};
/* End PBXFrameworksBuildPhase section */

/* Begin PBXGroup section */
		1A7CBF292A4B6A1400D7E38B = {
			isa = PBXGroup;
			children = (
				1A7CBF342A4B6A1400D7E38B /* RecipeNow! */,
				1A7CBF462A4B6A1600D7E38B /* RecipeNow!Tests */,
				1A7CBF502A4B6A1600D7E38B /* RecipeNow!UITests */,
				1A7CBF332A4B6A1400D7E38B /* Products */,
			);
			sourceTree = "<group>";
		};
		1A7CBF332A4B6A1400D7E38B /* Products */ = {
			isa = PBXGroup;
			children = (
				1A7CBF322A4B6A1400D7E38B /* RecipeNow!.app */,
				1A7CBF432A4B6A1600D7E38B /* RecipeNow!Tests.xctest */,
				1A7CBF4D2A4B6A1600D7E38B /* RecipeNow!UITests.xctest */,
			);
			name = Products;
			sourceTree = "<group>";
		};
		1A7CBF342A4B6A1400D7E38B /* RecipeNow! */ = {
			isa = PBXGroup;
			children = (
				1AABBA392A4B6B82003C00D6 /* Common */,
				1A7CBF352A4B6A1400D7E38B /* RecipeNow_App.swift */,
				1AABBA332A4B6AE3003C00D6 /* Home */,
				1A7CBF392A4B6A1500D7E38B /* Assets.xcassets */,
				1A7CBF3B2A4B6A1500D7E38B /* RecipeNow_.entitlements */,
				1A7CBF3C2A4B6A1500D7E38B /* Preview Content */,
			);
			path = "RecipeNow!";
			sourceTree = "<group>";
		};
		1A7CBF3C2A4B6A1500D7E38B /* Preview Content */ = {
			isa = PBXGroup;
			children = (
				1A7CBF3D2A4B6A1500D7E38B /* Preview Assets.xcassets */,
			);
			path = "Preview Content";
			sourceTree = "<group>";
		};
		1A7CBF462A4B6A1600D7E38B /* RecipeNow!Tests */ = {
			isa = PBXGroup;
			children = (
				1A7CBF472A4B6A1600D7E38B /* RecipeNow_Tests.swift */,
			);
			path = "RecipeNow!Tests";
			sourceTree = "<group>";
		};
		1A7CBF502A4B6A1600D7E38B /* RecipeNow!UITests */ = {
			isa = PBXGroup;
			children = (
				1A7CBF512A4B6A1600D7E38B /* RecipeNow_UITests.swift */,
				1A7CBF532A4B6A1600D7E38B /* RecipeNow_UITestsLaunchTests.swift */,
			);
			path = "RecipeNow!UITests";
			sourceTree = "<group>";
		};
		1AABBA332A4B6AE3003C00D6 /* Home */ = {
			isa = PBXGroup;
			children = (
				1AABBA3D2A4B6BC4003C00D6 /* Screens */,
				1AABBA362A4B6B03003C00D6 /* ViewModels */,
				1AABBA352A4B6AF4003C00D6 /* Views */,
				1AABBA342A4B6AEE003C00D6 /* Models */,
			);
			path = Home;
			sourceTree = "<group>";
		};
		1AABBA342A4B6AEE003C00D6 /* Models */ = {
			isa = PBXGroup;
			children = (
			);
			path = Models;
			sourceTree = "<group>";
		};
		1AABBA352A4B6AF4003C00D6 /* Views */ = {
			isa = PBXGroup;
			children = (
			);
			path = Views;
			sourceTree = "<group>";
		};
		1AABBA362A4B6B03003C00D6 /* ViewModels */ = {
			isa = PBXGroup;
			children = (
				1AABBA492A4B77E0003C00D6 /* HomeViewModel.swift */,
				1AABBA522A4B9F0C003C00D6 /* RecipesViewModel.swift */,
				1A5DADF32A4E34750082AFF4 /* RecipeDetailsViewModel.swift */,
			);
			path = ViewModels;
			sourceTree = "<group>";
		};
		1AABBA392A4B6B82003C00D6 /* Common */ = {
			isa = PBXGroup;
			children = (
				1AABBA4D2A4B8BBF003C00D6 /* Extensions */,
				1AABBA402A4B6BFD003C00D6 /* Actions */,
				1AABBA3C2A4B6BA6003C00D6 /* Models */,
				1AABBA3B2A4B6B9C003C00D6 /* Views */,
				1AABBA3A2A4B6B95003C00D6 /* ViewModels */,
			);
			path = Common;
			sourceTree = "<group>";
		};
		1AABBA3A2A4B6B95003C00D6 /* ViewModels */ = {
			isa = PBXGroup;
			children = (
			);
			path = ViewModels;
			sourceTree = "<group>";
		};
		1AABBA3B2A4B6B9C003C00D6 /* Views */ = {
			isa = PBXGroup;
			children = (
				1AABBA412A4B728D003C00D6 /* CategoryCardView.swift */,
				1AABBA4B2A4B807A003C00D6 /* TopActionBar.swift */,
				1AABBA502A4B9C86003C00D6 /* RecipeCardView.swift */,
				1A5DADF52A4E61130082AFF4 /* BadgeView.swift */,
				1A5DADF72A4E65FA0082AFF4 /* BadgeContainerView.swift */,
			);
			path = Views;
			sourceTree = "<group>";
		};
		1AABBA3C2A4B6BA6003C00D6 /* Models */ = {
			isa = PBXGroup;
			children = (
				1AABBA472A4B7607003C00D6 /* RecipeRelated.swift */,
			);
			path = Models;
			sourceTree = "<group>";
		};
		1AABBA3D2A4B6BC4003C00D6 /* Screens */ = {
			isa = PBXGroup;
			children = (
				1AABBA3E2A4B6BE1003C00D6 /* Home.swift */,
				1AABBA432A4B7396003C00D6 /* Recipes.swift */,
				1A5DADEF2A4E26B40082AFF4 /* RecipeDetails.swift */,
			);
			path = Screens;
			sourceTree = "<group>";
		};
		1AABBA402A4B6BFD003C00D6 /* Actions */ = {
			isa = PBXGroup;
			children = (
				1AABBA542A4BA488003C00D6 /* RemoteImage.swift */,
				1AABBA562A4BA85C003C00D6 /* FetchRecipes.swift */,
				1A5DADF12A4E2F3E0082AFF4 /* FetchRecipeDetails.swift */,
			);
			path = Actions;
			sourceTree = "<group>";
		};
		1AABBA4D2A4B8BBF003C00D6 /* Extensions */ = {
			isa = PBXGroup;
			children = (
				1AABBA4E2A4B8BD2003C00D6 /* CommonExtensions.swift */,
				1A5DADF92A4E68E80082AFF4 /* TextExtension.swift */,
			);
			path = Extensions;
			sourceTree = "<group>";
		};
/* End PBXGroup section */

/* Begin PBXNativeTarget section */
		1A7CBF312A4B6A1400D7E38B /* RecipeNow! */ = {
			isa = PBXNativeTarget;
			buildConfigurationList = 1A7CBF572A4B6A1600D7E38B /* Build configuration list for PBXNativeTarget "RecipeNow!" */;
			buildPhases = (
				1A7CBF2E2A4B6A1400D7E38B /* Sources */,
				1A7CBF2F2A4B6A1400D7E38B /* Frameworks */,
				1A7CBF302A4B6A1400D7E38B /* Resources */,
			);
			buildRules = (
			);
			dependencies = (
			);
			name = "RecipeNow!";
			productName = "RecipeNow!";
			productReference = 1A7CBF322A4B6A1400D7E38B /* RecipeNow!.app */;
			productType = "com.apple.product-type.application";
		};
		1A7CBF422A4B6A1600D7E38B /* RecipeNow!Tests */ = {
			isa = PBXNativeTarget;
			buildConfigurationList = 1A7CBF5A2A4B6A1600D7E38B /* Build configuration list for PBXNativeTarget "RecipeNow!Tests" */;
			buildPhases = (
				1A7CBF3F2A4B6A1600D7E38B /* Sources */,
				1A7CBF402A4B6A1600D7E38B /* Frameworks */,
				1A7CBF412A4B6A1600D7E38B /* Resources */,
			);
			buildRules = (
			);
			dependencies = (
				1A7CBF452A4B6A1600D7E38B /* PBXTargetDependency */,
			);
			name = "RecipeNow!Tests";
			productName = "RecipeNow!Tests";
			productReference = 1A7CBF432A4B6A1600D7E38B /* RecipeNow!Tests.xctest */;
			productType = "com.apple.product-type.bundle.unit-test";
		};
		1A7CBF4C2A4B6A1600D7E38B /* RecipeNow!UITests */ = {
			isa = PBXNativeTarget;
			buildConfigurationList = 1A7CBF5D2A4B6A1600D7E38B /* Build configuration list for PBXNativeTarget "RecipeNow!UITests" */;
			buildPhases = (
				1A7CBF492A4B6A1600D7E38B /* Sources */,
				1A7CBF4A2A4B6A1600D7E38B /* Frameworks */,
				1A7CBF4B2A4B6A1600D7E38B /* Resources */,
			);
			buildRules = (
			);
			dependencies = (
				1A7CBF4F2A4B6A1600D7E38B /* PBXTargetDependency */,
			);
			name = "RecipeNow!UITests";
			productName = "RecipeNow!UITests";
			productReference = 1A7CBF4D2A4B6A1600D7E38B /* RecipeNow!UITests.xctest */;
			productType = "com.apple.product-type.bundle.ui-testing";
		};
/* End PBXNativeTarget section */

/* Begin PBXProject section */
		1A7CBF2A2A4B6A1400D7E38B /* Project object */ = {
			isa = PBXProject;
			attributes = {
				BuildIndependentTargetsInParallel = 1;
				LastSwiftUpdateCheck = 1420;
				LastUpgradeCheck = 1420;
				TargetAttributes = {
					1A7CBF312A4B6A1400D7E38B = {
						CreatedOnToolsVersion = 14.2;
					};
					1A7CBF422A4B6A1600D7E38B = {
						CreatedOnToolsVersion = 14.2;
						TestTargetID = 1A7CBF312A4B6A1400D7E38B;
					};
					1A7CBF4C2A4B6A1600D7E38B = {
						CreatedOnToolsVersion = 14.2;
						TestTargetID = 1A7CBF312A4B6A1400D7E38B;
					};
				};
			};
			buildConfigurationList = 1A7CBF2D2A4B6A1400D7E38B /* Build configuration list for PBXProject "RecipeNow!" */;
			compatibilityVersion = "Xcode 14.0";
			developmentRegion = en;
			hasScannedForEncodings = 0;
			knownRegions = (
				en,
				Base,
			);
			mainGroup = 1A7CBF292A4B6A1400D7E38B;
			productRefGroup = 1A7CBF332A4B6A1400D7E38B /* Products */;
			projectDirPath = "";
			projectRoot = "";
			targets = (
				1A7CBF312A4B6A1400D7E38B /* RecipeNow! */,
				1A7CBF422A4B6A1600D7E38B /* RecipeNow!Tests */,
				1A7CBF4C2A4B6A1600D7E38B /* RecipeNow!UITests */,
			);
		};
/* End PBXProject section */

/* Begin PBXResourcesBuildPhase section */
		1A7CBF302A4B6A1400D7E38B /* Resources */ = {
			isa = PBXResourcesBuildPhase;
			buildActionMask = 2147483647;
			files = (
				1A7CBF3E2A4B6A1500D7E38B /* Preview Assets.xcassets in Resources */,
				1A7CBF3A2A4B6A1500D7E38B /* Assets.xcassets in Resources */,
			);
			runOnlyForDeploymentPostprocessing = 0;
		};
		1A7CBF412A4B6A1600D7E38B /* Resources */ = {
			isa = PBXResourcesBuildPhase;
			buildActionMask = 2147483647;
			files = (
			);
			runOnlyForDeploymentPostprocessing = 0;
		};
		1A7CBF4B2A4B6A1600D7E38B /* Resources */ = {
			isa = PBXResourcesBuildPhase;
			buildActionMask = 2147483647;
			files = (
			);
			runOnlyForDeploymentPostprocessing = 0;
		};
/* End PBXResourcesBuildPhase section */

/* Begin PBXSourcesBuildPhase section */
		1A7CBF2E2A4B6A1400D7E38B /* Sources */ = {
			isa = PBXSourcesBuildPhase;
			buildActionMask = 2147483647;
			files = (
				1AABBA482A4B7607003C00D6 /* RecipeRelated.swift in Sources */,
				1A5DADF42A4E34750082AFF4 /* RecipeDetailsViewModel.swift in Sources */,
				1AABBA442A4B7396003C00D6 /* Recipes.swift in Sources */,
				1AABBA532A4B9F0C003C00D6 /* RecipesViewModel.swift in Sources */,
				1AABBA512A4B9C86003C00D6 /* RecipeCardView.swift in Sources */,
				1AABBA552A4BA488003C00D6 /* RemoteImage.swift in Sources */,
				1AABBA4A2A4B77E0003C00D6 /* HomeViewModel.swift in Sources */,
				1AABBA4C2A4B807A003C00D6 /* TopActionBar.swift in Sources */,
				1A5DADF62A4E61130082AFF4 /* BadgeView.swift in Sources */,
				1AABBA422A4B728D003C00D6 /* CategoryCardView.swift in Sources */,
				1A5DADFA2A4E68E80082AFF4 /* TextExtension.swift in Sources */,
				1A5DADF82A4E65FA0082AFF4 /* BadgeContainerView.swift in Sources */,
				1AABBA3F2A4B6BE1003C00D6 /* Home.swift in Sources */,
				1A5DADF22A4E2F3E0082AFF4 /* FetchRecipeDetails.swift in Sources */,
				1A5DADF02A4E26B40082AFF4 /* RecipeDetails.swift in Sources */,
				1AABBA4F2A4B8BD2003C00D6 /* CommonExtensions.swift in Sources */,
				1AABBA572A4BA85C003C00D6 /* FetchRecipes.swift in Sources */,
				1A7CBF362A4B6A1400D7E38B /* RecipeNow_App.swift in Sources */,
			);
			runOnlyForDeploymentPostprocessing = 0;
		};
		1A7CBF3F2A4B6A1600D7E38B /* Sources */ = {
			isa = PBXSourcesBuildPhase;
			buildActionMask = 2147483647;
			files = (
				1A7CBF482A4B6A1600D7E38B /* RecipeNow_Tests.swift in Sources */,
			);
			runOnlyForDeploymentPostprocessing = 0;
		};
		1A7CBF492A4B6A1600D7E38B /* Sources */ = {
			isa = PBXSourcesBuildPhase;
			buildActionMask = 2147483647;
			files = (
				1A7CBF522A4B6A1600D7E38B /* RecipeNow_UITests.swift in Sources */,
				1A7CBF542A4B6A1600D7E38B /* RecipeNow_UITestsLaunchTests.swift in Sources */,
			);
			runOnlyForDeploymentPostprocessing = 0;
		};
/* End PBXSourcesBuildPhase section */

/* Begin PBXTargetDependency section */
		1A7CBF452A4B6A1600D7E38B /* PBXTargetDependency */ = {
			isa = PBXTargetDependency;
			target = 1A7CBF312A4B6A1400D7E38B /* RecipeNow! */;
			targetProxy = 1A7CBF442A4B6A1600D7E38B /* PBXContainerItemProxy */;
		};
		1A7CBF4F2A4B6A1600D7E38B /* PBXTargetDependency */ = {
			isa = PBXTargetDependency;
			target = 1A7CBF312A4B6A1400D7E38B /* RecipeNow! */;
			targetProxy = 1A7CBF4E2A4B6A1600D7E38B /* PBXContainerItemProxy */;
		};
/* End PBXTargetDependency section */

/* Begin XCBuildConfiguration section */
		1A7CBF552A4B6A1600D7E38B /* Debug */ = {
			isa = XCBuildConfiguration;
			buildSettings = {
				ALWAYS_SEARCH_USER_PATHS = NO;
				CLANG_ANALYZER_NONNULL = YES;
				CLANG_ANALYZER_NUMBER_OBJECT_CONVERSION = YES_AGGRESSIVE;
				CLANG_CXX_LANGUAGE_STANDARD = "gnu++20";
				CLANG_ENABLE_MODULES = YES;
				CLANG_ENABLE_OBJC_ARC = YES;
				CLANG_ENABLE_OBJC_WEAK = YES;
				CLANG_WARN_BLOCK_CAPTURE_AUTORELEASING = YES;
				CLANG_WARN_BOOL_CONVERSION = YES;
				CLANG_WARN_COMMA = YES;
				CLANG_WARN_CONSTANT_CONVERSION = YES;
				CLANG_WARN_DEPRECATED_OBJC_IMPLEMENTATIONS = YES;
				CLANG_WARN_DIRECT_OBJC_ISA_USAGE = YES_ERROR;
				CLANG_WARN_DOCUMENTATION_COMMENTS = YES;
				CLANG_WARN_EMPTY_BODY = YES;
				CLANG_WARN_ENUM_CONVERSION = YES;
				CLANG_WARN_INFINITE_RECURSION = YES;
				CLANG_WARN_INT_CONVERSION = YES;
				CLANG_WARN_NON_LITERAL_NULL_CONVERSION = YES;
				CLANG_WARN_OBJC_IMPLICIT_RETAIN_SELF = YES;
				CLANG_WARN_OBJC_LITERAL_CONVERSION = YES;
				CLANG_WARN_OBJC_ROOT_CLASS = YES_ERROR;
				CLANG_WARN_QUOTED_INCLUDE_IN_FRAMEWORK_HEADER = YES;
				CLANG_WARN_RANGE_LOOP_ANALYSIS = YES;
				CLANG_WARN_STRICT_PROTOTYPES = YES;
				CLANG_WARN_SUSPICIOUS_MOVE = YES;
				CLANG_WARN_UNGUARDED_AVAILABILITY = YES_AGGRESSIVE;
				CLANG_WARN_UNREACHABLE_CODE = YES;
				CLANG_WARN__DUPLICATE_METHOD_MATCH = YES;
				COPY_PHASE_STRIP = NO;
				DEBUG_INFORMATION_FORMAT = dwarf;
				ENABLE_STRICT_OBJC_MSGSEND = YES;
				ENABLE_TESTABILITY = YES;
				GCC_C_LANGUAGE_STANDARD = gnu11;
				GCC_DYNAMIC_NO_PIC = NO;
				GCC_NO_COMMON_BLOCKS = YES;
				GCC_OPTIMIZATION_LEVEL = 0;
				GCC_PREPROCESSOR_DEFINITIONS = (
					"DEBUG=1",
					"$(inherited)",
				);
				GCC_WARN_64_TO_32_BIT_CONVERSION = YES;
				GCC_WARN_ABOUT_RETURN_TYPE = YES_ERROR;
				GCC_WARN_UNDECLARED_SELECTOR = YES;
				GCC_WARN_UNINITIALIZED_AUTOS = YES_AGGRESSIVE;
				GCC_WARN_UNUSED_FUNCTION = YES;
				GCC_WARN_UNUSED_VARIABLE = YES;
				MTL_ENABLE_DEBUG_INFO = INCLUDE_SOURCE;
				MTL_FAST_MATH = YES;
				ONLY_ACTIVE_ARCH = YES;
				SWIFT_ACTIVE_COMPILATION_CONDITIONS = DEBUG;
				SWIFT_OPTIMIZATION_LEVEL = "-Onone";
			};
			name = Debug;
		};
		1A7CBF562A4B6A1600D7E38B /* Release */ = {
			isa = XCBuildConfiguration;
			buildSettings = {
				ALWAYS_SEARCH_USER_PATHS = NO;
				CLANG_ANALYZER_NONNULL = YES;
				CLANG_ANALYZER_NUMBER_OBJECT_CONVERSION = YES_AGGRESSIVE;
				CLANG_CXX_LANGUAGE_STANDARD = "gnu++20";
				CLANG_ENABLE_MODULES = YES;
				CLANG_ENABLE_OBJC_ARC = YES;
				CLANG_ENABLE_OBJC_WEAK = YES;
				CLANG_WARN_BLOCK_CAPTURE_AUTORELEASING = YES;
				CLANG_WARN_BOOL_CONVERSION = YES;
				CLANG_WARN_COMMA = YES;
				CLANG_WARN_CONSTANT_CONVERSION = YES;
				CLANG_WARN_DEPRECATED_OBJC_IMPLEMENTATIONS = YES;
				CLANG_WARN_DIRECT_OBJC_ISA_USAGE = YES_ERROR;
				CLANG_WARN_DOCUMENTATION_COMMENTS = YES;
				CLANG_WARN_EMPTY_BODY = YES;
				CLANG_WARN_ENUM_CONVERSION = YES;
				CLANG_WARN_INFINITE_RECURSION = YES;
				CLANG_WARN_INT_CONVERSION = YES;
				CLANG_WARN_NON_LITERAL_NULL_CONVERSION = YES;
				CLANG_WARN_OBJC_IMPLICIT_RETAIN_SELF = YES;
				CLANG_WARN_OBJC_LITERAL_CONVERSION = YES;
				CLANG_WARN_OBJC_ROOT_CLASS = YES_ERROR;
				CLANG_WARN_QUOTED_INCLUDE_IN_FRAMEWORK_HEADER = YES;
				CLANG_WARN_RANGE_LOOP_ANALYSIS = YES;
				CLANG_WARN_STRICT_PROTOTYPES = YES;
				CLANG_WARN_SUSPICIOUS_MOVE = YES;
				CLANG_WARN_UNGUARDED_AVAILABILITY = YES_AGGRESSIVE;
				CLANG_WARN_UNREACHABLE_CODE = YES;
				CLANG_WARN__DUPLICATE_METHOD_MATCH = YES;
				COPY_PHASE_STRIP = NO;
				DEBUG_INFORMATION_FORMAT = "dwarf-with-dsym";
				ENABLE_NS_ASSERTIONS = NO;
				ENABLE_STRICT_OBJC_MSGSEND = YES;
				GCC_C_LANGUAGE_STANDARD = gnu11;
				GCC_NO_COMMON_BLOCKS = YES;
				GCC_WARN_64_TO_32_BIT_CONVERSION = YES;
				GCC_WARN_ABOUT_RETURN_TYPE = YES_ERROR;
				GCC_WARN_UNDECLARED_SELECTOR = YES;
				GCC_WARN_UNINITIALIZED_AUTOS = YES_AGGRESSIVE;
				GCC_WARN_UNUSED_FUNCTION = YES;
				GCC_WARN_UNUSED_VARIABLE = YES;
				MTL_ENABLE_DEBUG_INFO = NO;
				MTL_FAST_MATH = YES;
				SWIFT_COMPILATION_MODE = wholemodule;
				SWIFT_OPTIMIZATION_LEVEL = "-O";
			};
			name = Release;
		};
		1A7CBF582A4B6A1600D7E38B /* Debug */ = {
			isa = XCBuildConfiguration;
			buildSettings = {
				ASSETCATALOG_COMPILER_APPICON_NAME = AppIcon;
				ASSETCATALOG_COMPILER_GLOBAL_ACCENT_COLOR_NAME = AccentColor;
				CODE_SIGN_ENTITLEMENTS = "RecipeNow!/RecipeNow_.entitlements";
				CODE_SIGN_STYLE = Automatic;
				CURRENT_PROJECT_VERSION = 1;
				DEVELOPMENT_ASSET_PATHS = "\"RecipeNow!/Preview Content\"";
				DEVELOPMENT_TEAM = LMXBQBT6AR;
				ENABLE_HARDENED_RUNTIME = YES;
				ENABLE_PREVIEWS = YES;
				GENERATE_INFOPLIST_FILE = YES;
				"INFOPLIST_KEY_UIApplicationSceneManifest_Generation[sdk=iphoneos*]" = YES;
				"INFOPLIST_KEY_UIApplicationSceneManifest_Generation[sdk=iphonesimulator*]" = YES;
				"INFOPLIST_KEY_UIApplicationSupportsIndirectInputEvents[sdk=iphoneos*]" = YES;
				"INFOPLIST_KEY_UIApplicationSupportsIndirectInputEvents[sdk=iphonesimulator*]" = YES;
				"INFOPLIST_KEY_UILaunchScreen_Generation[sdk=iphoneos*]" = YES;
				"INFOPLIST_KEY_UILaunchScreen_Generation[sdk=iphonesimulator*]" = YES;
				"INFOPLIST_KEY_UIStatusBarStyle[sdk=iphoneos*]" = UIStatusBarStyleDefault;
				"INFOPLIST_KEY_UIStatusBarStyle[sdk=iphonesimulator*]" = UIStatusBarStyleDefault;
				INFOPLIST_KEY_UISupportedInterfaceOrientations_iPad = "UIInterfaceOrientationPortrait UIInterfaceOrientationPortraitUpsideDown UIInterfaceOrientationLandscapeLeft UIInterfaceOrientationLandscapeRight";
				INFOPLIST_KEY_UISupportedInterfaceOrientations_iPhone = "UIInterfaceOrientationPortrait UIInterfaceOrientationLandscapeLeft UIInterfaceOrientationLandscapeRight";
				IPHONEOS_DEPLOYMENT_TARGET = 16.2;
				LD_RUNPATH_SEARCH_PATHS = "@executable_path/Frameworks";
				"LD_RUNPATH_SEARCH_PATHS[sdk=macosx*]" = "@executable_path/../Frameworks";
				MACOSX_DEPLOYMENT_TARGET = 13.1;
				MARKETING_VERSION = 1.0;
				PRODUCT_BUNDLE_IDENTIFIER = "com.recipebiz.RecipeNow-";
				PRODUCT_NAME = "$(TARGET_NAME)";
				SDKROOT = auto;
				SUPPORTED_PLATFORMS = "iphoneos iphonesimulator macosx";
				SWIFT_EMIT_LOC_STRINGS = YES;
				SWIFT_VERSION = 5.0;
				TARGETED_DEVICE_FAMILY = "1,2";
			};
			name = Debug;
		};
		1A7CBF592A4B6A1600D7E38B /* Release */ = {
			isa = XCBuildConfiguration;
			buildSettings = {
				ASSETCATALOG_COMPILER_APPICON_NAME = AppIcon;
				ASSETCATALOG_COMPILER_GLOBAL_ACCENT_COLOR_NAME = AccentColor;
				CODE_SIGN_ENTITLEMENTS = "RecipeNow!/RecipeNow_.entitlements";
				CODE_SIGN_STYLE = Automatic;
				CURRENT_PROJECT_VERSION = 1;
				DEVELOPMENT_ASSET_PATHS = "\"RecipeNow!/Preview Content\"";
				DEVELOPMENT_TEAM = LMXBQBT6AR;
				ENABLE_HARDENED_RUNTIME = YES;
				ENABLE_PREVIEWS = YES;
				GENERATE_INFOPLIST_FILE = YES;
				"INFOPLIST_KEY_UIApplicationSceneManifest_Generation[sdk=iphoneos*]" = YES;
				"INFOPLIST_KEY_UIApplicationSceneManifest_Generation[sdk=iphonesimulator*]" = YES;
				"INFOPLIST_KEY_UIApplicationSupportsIndirectInputEvents[sdk=iphoneos*]" = YES;
				"INFOPLIST_KEY_UIApplicationSupportsIndirectInputEvents[sdk=iphonesimulator*]" = YES;
				"INFOPLIST_KEY_UILaunchScreen_Generation[sdk=iphoneos*]" = YES;
				"INFOPLIST_KEY_UILaunchScreen_Generation[sdk=iphonesimulator*]" = YES;
				"INFOPLIST_KEY_UIStatusBarStyle[sdk=iphoneos*]" = UIStatusBarStyleDefault;
				"INFOPLIST_KEY_UIStatusBarStyle[sdk=iphonesimulator*]" = UIStatusBarStyleDefault;
				INFOPLIST_KEY_UISupportedInterfaceOrientations_iPad = "UIInterfaceOrientationPortrait UIInterfaceOrientationPortraitUpsideDown UIInterfaceOrientationLandscapeLeft UIInterfaceOrientationLandscapeRight";
				INFOPLIST_KEY_UISupportedInterfaceOrientations_iPhone = "UIInterfaceOrientationPortrait UIInterfaceOrientationLandscapeLeft UIInterfaceOrientationLandscapeRight";
				IPHONEOS_DEPLOYMENT_TARGET = 16.2;
				LD_RUNPATH_SEARCH_PATHS = "@executable_path/Frameworks";
				"LD_RUNPATH_SEARCH_PATHS[sdk=macosx*]" = "@executable_path/../Frameworks";
				MACOSX_DEPLOYMENT_TARGET = 13.1;
				MARKETING_VERSION = 1.0;
				PRODUCT_BUNDLE_IDENTIFIER = "com.recipebiz.RecipeNow-";
				PRODUCT_NAME = "$(TARGET_NAME)";
				SDKROOT = auto;
				SUPPORTED_PLATFORMS = "iphoneos iphonesimulator macosx";
				SWIFT_EMIT_LOC_STRINGS = YES;
				SWIFT_VERSION = 5.0;
				TARGETED_DEVICE_FAMILY = "1,2";
			};
			name = Release;
		};
		1A7CBF5B2A4B6A1600D7E38B /* Debug */ = {
			isa = XCBuildConfiguration;
			buildSettings = {
				ALWAYS_EMBED_SWIFT_STANDARD_LIBRARIES = YES;
				BUNDLE_LOADER = "$(TEST_HOST)";
				CODE_SIGN_STYLE = Automatic;
				CURRENT_PROJECT_VERSION = 1;
				DEVELOPMENT_TEAM = LMXBQBT6AR;
				GENERATE_INFOPLIST_FILE = YES;
				IPHONEOS_DEPLOYMENT_TARGET = 16.2;
				MACOSX_DEPLOYMENT_TARGET = 13.1;
				MARKETING_VERSION = 1.0;
				PRODUCT_BUNDLE_IDENTIFIER = "com.recipebiz.RecipeNow-Tests";
				PRODUCT_NAME = "$(TARGET_NAME)";
				SDKROOT = auto;
				SUPPORTED_PLATFORMS = "iphoneos iphonesimulator macosx";
				SWIFT_EMIT_LOC_STRINGS = NO;
				SWIFT_VERSION = 5.0;
				TARGETED_DEVICE_FAMILY = "1,2";
				TEST_HOST = "$(BUILT_PRODUCTS_DIR)/RecipeNow!.app/$(BUNDLE_EXECUTABLE_FOLDER_PATH)/RecipeNow!";
			};
			name = Debug;
		};
		1A7CBF5C2A4B6A1600D7E38B /* Release */ = {
			isa = XCBuildConfiguration;
			buildSettings = {
				ALWAYS_EMBED_SWIFT_STANDARD_LIBRARIES = YES;
				BUNDLE_LOADER = "$(TEST_HOST)";
				CODE_SIGN_STYLE = Automatic;
				CURRENT_PROJECT_VERSION = 1;
				DEVELOPMENT_TEAM = LMXBQBT6AR;
				GENERATE_INFOPLIST_FILE = YES;
				IPHONEOS_DEPLOYMENT_TARGET = 16.2;
				MACOSX_DEPLOYMENT_TARGET = 13.1;
				MARKETING_VERSION = 1.0;
				PRODUCT_BUNDLE_IDENTIFIER = "com.recipebiz.RecipeNow-Tests";
				PRODUCT_NAME = "$(TARGET_NAME)";
				SDKROOT = auto;
				SUPPORTED_PLATFORMS = "iphoneos iphonesimulator macosx";
				SWIFT_EMIT_LOC_STRINGS = NO;
				SWIFT_VERSION = 5.0;
				TARGETED_DEVICE_FAMILY = "1,2";
				TEST_HOST = "$(BUILT_PRODUCTS_DIR)/RecipeNow!.app/$(BUNDLE_EXECUTABLE_FOLDER_PATH)/RecipeNow!";
			};
			name = Release;
		};
		1A7CBF5E2A4B6A1600D7E38B /* Debug */ = {
			isa = XCBuildConfiguration;
			buildSettings = {
				ALWAYS_EMBED_SWIFT_STANDARD_LIBRARIES = YES;
				CODE_SIGN_STYLE = Automatic;
				CURRENT_PROJECT_VERSION = 1;
				DEVELOPMENT_TEAM = LMXBQBT6AR;
				GENERATE_INFOPLIST_FILE = YES;
				IPHONEOS_DEPLOYMENT_TARGET = 16.2;
				MACOSX_DEPLOYMENT_TARGET = 13.1;
				MARKETING_VERSION = 1.0;
				PRODUCT_BUNDLE_IDENTIFIER = "com.recipebiz.RecipeNow-UITests";
				PRODUCT_NAME = "$(TARGET_NAME)";
				SDKROOT = auto;
				SUPPORTED_PLATFORMS = "iphoneos iphonesimulator macosx";
				SWIFT_EMIT_LOC_STRINGS = NO;
				SWIFT_VERSION = 5.0;
				TARGETED_DEVICE_FAMILY = "1,2";
				TEST_TARGET_NAME = "RecipeNow!";
			};
			name = Debug;
		};
		1A7CBF5F2A4B6A1600D7E38B /* Release */ = {
			isa = XCBuildConfiguration;
			buildSettings = {
				ALWAYS_EMBED_SWIFT_STANDARD_LIBRARIES = YES;
				CODE_SIGN_STYLE = Automatic;
				CURRENT_PROJECT_VERSION = 1;
				DEVELOPMENT_TEAM = LMXBQBT6AR;
				GENERATE_INFOPLIST_FILE = YES;
				IPHONEOS_DEPLOYMENT_TARGET = 16.2;
				MACOSX_DEPLOYMENT_TARGET = 13.1;
				MARKETING_VERSION = 1.0;
				PRODUCT_BUNDLE_IDENTIFIER = "com.recipebiz.RecipeNow-UITests";
				PRODUCT_NAME = "$(TARGET_NAME)";
				SDKROOT = auto;
				SUPPORTED_PLATFORMS = "iphoneos iphonesimulator macosx";
				SWIFT_EMIT_LOC_STRINGS = NO;
				SWIFT_VERSION = 5.0;
				TARGETED_DEVICE_FAMILY = "1,2";
				TEST_TARGET_NAME = "RecipeNow!";
			};
			name = Release;
		};
/* End XCBuildConfiguration section */

/* Begin XCConfigurationList section */
		1A7CBF2D2A4B6A1400D7E38B /* Build configuration list for PBXProject "RecipeNow!" */ = {
			isa = XCConfigurationList;
			buildConfigurations = (
				1A7CBF552A4B6A1600D7E38B /* Debug */,
				1A7CBF562A4B6A1600D7E38B /* Release */,
			);
			defaultConfigurationIsVisible = 0;
			defaultConfigurationName = Release;
		};
		1A7CBF572A4B6A1600D7E38B /* Build configuration list for PBXNativeTarget "RecipeNow!" */ = {
			isa = XCConfigurationList;
			buildConfigurations = (
				1A7CBF582A4B6A1600D7E38B /* Debug */,
				1A7CBF592A4B6A1600D7E38B /* Release */,
			);
			defaultConfigurationIsVisible = 0;
			defaultConfigurationName = Release;
		};
		1A7CBF5A2A4B6A1600D7E38B /* Build configuration list for PBXNativeTarget "RecipeNow!Tests" */ = {
			isa = XCConfigurationList;
			buildConfigurations = (
				1A7CBF5B2A4B6A1600D7E38B /* Debug */,
				1A7CBF5C2A4B6A1600D7E38B /* Release */,
			);
			defaultConfigurationIsVisible = 0;
			defaultConfigurationName = Release;
		};
		1A7CBF5D2A4B6A1600D7E38B /* Build configuration list for PBXNativeTarget "RecipeNow!UITests" */ = {
			isa = XCConfigurationList;
			buildConfigurations = (
				1A7CBF5E2A4B6A1600D7E38B /* Debug */,
				1A7CBF5F2A4B6A1600D7E38B /* Release */,
			);
			defaultConfigurationIsVisible = 0;
			defaultConfigurationName = Release;
		};
/* End XCConfigurationList section */
	};
	rootObject = 1A7CBF2A2A4B6A1400D7E38B /* Project object */;
}
